
Microsoft Visual Studio Solution File, Format Version 12.00
# Visual Studio Version 16
VisualStudioVersion = 16.0.29926.136
MinimumVisualStudioVersion = 10.0.40219.1
Project("{FAE04EC0-301F-11D3-BF4B-00C04F79EFBC}") = "Pruebas", "..\Pruebas\Pruebas.csproj", "{614EF4BF-D8D4-4B96-B91A-E8F2A1B31A28}"
EndProject
Project("{FAE04EC0-301F-11D3-BF4B-00C04F79EFBC}") = "API", "..\API\API.csproj", "{FDDEDA46-FC4B-4D4C-8311-AEA2C90017B0}"
EndProject
Global
	GlobalSection(SolutionConfigurationPlatforms) = preSolution
		Debug|Any CPU = Debug|Any CPU
		Release|Any CPU = Release|Any CPU
	EndGlobalSection
	GlobalSection(ProjectConfigurationPlatforms) = postSolution
		{614EF4BF-D8D4-4B96-B91A-E8F2A1B31A28}.Debug|Any CPU.ActiveCfg = Debug|Any CPU
		{614EF4BF-D8D4-4B96-B91A-E8F2A1B31A28}.Debug|Any CPU.Build.0 = Debug|Any CPU
		{614EF4BF-D8D4-4B96-B91A-E8F2A1B31A28}.Release|Any CPU.ActiveCfg = Release|Any CPU
		{614EF4BF-D8D4-4B96-B91A-E8F2A1B31A28}.Release|Any CPU.Build.0 = Release|Any CPU
		{FDDEDA46-FC4B-4D4C-8311-AEA2C90017B0}.Debug|Any CPU.ActiveCfg = Debug|Any CPU
		{FDDEDA46-FC4B-4D4C-8311-AEA2C90017B0}.Debug|Any CPU.Build.0 = Debug|Any CPU
		{FDDEDA46-FC4B-4D4C-8311-AEA2C90017B0}.Release|Any CPU.ActiveCfg = Release|Any CPU
		{FDDEDA46-FC4B-4D4C-8311-AEA2C90017B0}.Release|Any CPU.Build.0 = Release|Any CPU
	EndGlobalSection
	GlobalSection(SolutionProperties) = preSolution
		HideSolutionNode = FALSE
	EndGlobalSection
	GlobalSection(ExtensibilityGlobals) = postSolution
		SolutionGuid = {5525EE05-F3D6-4091-8112-5822DE0B0E08}
	EndGlobalSection
EndGlobal
